
Microsoft Visual Studio Solution File, Format Version 12.00
# Visual Studio Version 17
VisualStudioVersion = 17.14.36804.6 d17.14
MinimumVisualStudioVersion = 10.0.40219.1
Project("{FAE04EC0-301F-11D3-BF4B-00C04F79EFBC}") = "gym-managment-app", "gym-managment-app\gym-managment-app.csproj", "{5C50DAC4-612F-46DD-BEBD-F5F38C112FB9}"
EndProject
Global
	GlobalSection(SolutionConfigurationPlatforms) = preSolution
		Debug|Any CPU = Debug|Any CPU
		Release|Any CPU = Release|Any CPU
	EndGlobalSection
	GlobalSection(ProjectConfigurationPlatforms) = postSolution
		{5C50DAC4-612F-46DD-BEBD-F5F38C112FB9}.Debug|Any CPU.ActiveCfg = Debug|Any CPU
		{5C50DAC4-612F-46DD-BEBD-F5F38C112FB9}.Debug|Any CPU.Build.0 = Debug|Any CPU
		{5C50DAC4-612F-46DD-BEBD-F5F38C112FB9}.Release|Any CPU.ActiveCfg = Release|Any CPU
		{5C50DAC4-612F-46DD-BEBD-F5F38C112FB9}.Release|Any CPU.Build.0 = Release|Any CPU
	EndGlobalSection
	GlobalSection(SolutionProperties) = preSolution
		HideSolutionNode = FALSE
	EndGlobalSection
	GlobalSection(ExtensibilityGlobals) = postSolution
		SolutionGuid = {5055A172-7CFC-40A7-9234-CE43DDD75027}
	EndGlobalSection
EndGlobal
